
Microsoft Visual Studio Solution File, Format Version 12.00
# Visual Studio Version 17
VisualStudioVersion = 17.0.31903.59
MinimumVisualStudioVersion = 10.0.40219.1
Project("{FAE04EC0-301F-11D3-BF4B-00C04F79EFBC}") = "ORManagement.Api", "ORManagement.Api\ORManagement.Api.csproj", "{1A4992B2-243E-4728-8360-38E13A7C8D40}"
EndProject
Project("{FAE04EC0-301F-11D3-BF4B-00C04F79EFBC}") = "ORManagement.Application", "ORManagement.Application\ORManagement.Application.csproj", "{DD7D32B0-D49F-43A4-BB44-0E2C00BC32F2}"
EndProject
Project("{FAE04EC0-301F-11D3-BF4B-00C04F79EFBC}") = "ORManagement.Infrastructure", "ORManagement.Infrastructure\ORManagement.Infrastructure.csproj", "{5D5942C2-1980-48F1-BC7D-2E925373F447}"
EndProject
Project("{FAE04EC0-301F-11D3-BF4B-00C04F79EFBC}") = "ORManagement.Tests", "ORManagement.Tests\ORManagement.Tests.csproj", "{FD557F5A-A0C6-4DCD-B5DD-D61FF25E57DE}"
EndProject
Global
	GlobalSection(SolutionConfigurationPlatforms) = preSolution
		Debug|Any CPU = Debug|Any CPU
		Debug|x64 = Debug|x64
		Debug|x86 = Debug|x86
		Release|Any CPU = Release|Any CPU
		Release|x64 = Release|x64
		Release|x86 = Release|x86
	EndGlobalSection
	GlobalSection(ProjectConfigurationPlatforms) = postSolution
		{1A4992B2-243E-4728-8360-38E13A7C8D40}.Debug|Any CPU.ActiveCfg = Debug|Any CPU
		{1A4992B2-243E-4728-8360-38E13A7C8D40}.Debug|Any CPU.Build.0 = Debug|Any CPU
		{1A4992B2-243E-4728-8360-38E13A7C8D40}.Debug|x64.ActiveCfg = Debug|Any CPU
		{1A4992B2-243E-4728-8360-38E13A7C8D40}.Debug|x64.Build.0 = Debug|Any CPU
		{1A4992B2-243E-4728-8360-38E13A7C8D40}.Debug|x86.ActiveCfg = Debug|Any CPU
		{1A4992B2-243E-4728-8360-38E13A7C8D40}.Debug|x86.Build.0 = Debug|Any CPU
		{1A4992B2-243E-4728-8360-38E13A7C8D40}.Release|Any CPU.ActiveCfg = Release|Any CPU
		{1A4992B2-243E-4728-8360-38E13A7C8D40}.Release|Any CPU.Build.0 = Release|Any CPU
		{1A4992B2-243E-4728-8360-38E13A7C8D40}.Release|x64.ActiveCfg = Release|Any CPU
		{1A4992B2-243E-4728-8360-38E13A7C8D40}.Release|x64.Build.0 = Release|Any CPU
		{1A4992B2-243E-4728-8360-38E13A7C8D40}.Release|x86.ActiveCfg = Release|Any CPU
		{1A4992B2-243E-4728-8360-38E13A7C8D40}.Release|x86.Build.0 = Release|Any CPU
		{DD7D32B0-D49F-43A4-BB44-0E2C00BC32F2}.Debug|Any CPU.ActiveCfg = Debug|Any CPU
		{DD7D32B0-D49F-43A4-BB44-0E2C00BC32F2}.Debug|Any CPU.Build.0 = Debug|Any CPU
		{DD7D32B0-D49F-43A4-BB44-0E2C00BC32F2}.Debug|x64.ActiveCfg = Debug|Any CPU
		{DD7D32B0-D49F-43A4-BB44-0E2C00BC32F2}.Debug|x64.Build.0 = Debug|Any CPU
		{DD7D32B0-D49F-43A4-BB44-0E2C00BC32F2}.Debug|x86.ActiveCfg = Debug|Any CPU
		{DD7D32B0-D49F-43A4-BB44-0E2C00BC32F2}.Debug|x86.Build.0 = Debug|Any CPU
		{DD7D32B0-D49F-43A4-BB44-0E2C00BC32F2}.Release|Any CPU.ActiveCfg = Release|Any CPU
		{DD7D32B0-D49F-43A4-BB44-0E2C00BC32F2}.Release|Any CPU.Build.0 = Release|Any CPU
		{DD7D32B0-D49F-43A4-BB44-0E2C00BC32F2}.Release|x64.ActiveCfg = Release|Any CPU
		{DD7D32B0-D49F-43A4-BB44-0E2C00BC32F2}.Release|x64.Build.0 = Release|Any CPU
		{DD7D32B0-D49F-43A4-BB44-0E2C00BC32F2}.Release|x86.ActiveCfg = Release|Any CPU
		{DD7D32B0-D49F-43A4-BB44-0E2C00BC32F2}.Release|x86.Build.0 = Release|Any CPU
		{5D5942C2-1980-48F1-BC7D-2E925373F447}.Debug|Any CPU.ActiveCfg = Debug|Any CPU
		{5D5942C2-1980-48F1-BC7D-2E925373F447}.Debug|Any CPU.Build.0 = Debug|Any CPU
		{5D5942C2-1980-48F1-BC7D-2E925373F447}.Debug|x64.ActiveCfg = Debug|Any CPU
		{5D5942C2-1980-48F1-BC7D-2E925373F447}.Debug|x64.Build.0 = Debug|Any CPU
		{5D5942C2-1980-48F1-BC7D-2E925373F447}.Debug|x86.ActiveCfg = Debug|Any CPU
		{5D5942C2-1980-48F1-BC7D-2E925373F447}.Debug|x86.Build.0 = Debug|Any CPU
		{5D5942C2-1980-48F1-BC7D-2E925373F447}.Release|Any CPU.ActiveCfg = Release|Any CPU
		{5D5942C2-1980-48F1-BC7D-2E925373F447}.Release|Any CPU.Build.0 = Release|Any CPU
		{5D5942C2-1980-48F1-BC7D-2E925373F447}.Release|x64.ActiveCfg = Release|Any CPU
		{5D5942C2-1980-48F1-BC7D-2E925373F447}.Release|x64.Build.0 = Release|Any CPU
		{5D5942C2-1980-48F1-BC7D-2E925373F447}.Release|x86.ActiveCfg = Release|Any CPU
		{5D5942C2-1980-48F1-BC7D-2E925373F447}.Release|x86.Build.0 = Release|Any CPU
		{FD557F5A-A0C6-4DCD-B5DD-D61FF25E57DE}.Debug|Any CPU.ActiveCfg = Debug|Any CPU
		{FD557F5A-A0C6-4DCD-B5DD-D61FF25E57DE}.Debug|Any CPU.Build.0 = Debug|Any CPU
		{FD557F5A-A0C6-4DCD-B5DD-D61FF25E57DE}.Debug|x64.ActiveCfg = Debug|Any CPU
		{FD557F5A-A0C6-4DCD-B5DD-D61FF25E57DE}.Debug|x64.Build.0 = Debug|Any CPU
		{FD557F5A-A0C6-4DCD-B5DD-D61FF25E57DE}.Debug|x86.ActiveCfg = Debug|Any CPU
		{FD557F5A-A0C6-4DCD-B5DD-D61FF25E57DE}.Debug|x86.Build.0 = Debug|Any CPU
		{FD557F5A-A0C6-4DCD-B5DD-D61FF25E57DE}.Release|Any CPU.ActiveCfg = Release|Any CPU
		{FD557F5A-A0C6-4DCD-B5DD-D61FF25E57DE}.Release|Any CPU.Build.0 = Release|Any CPU
		{FD557F5A-A0C6-4DCD-B5DD-D61FF25E57DE}.Release|x64.ActiveCfg = Release|Any CPU
		{FD557F5A-A0C6-4DCD-B5DD-D61FF25E57DE}.Release|x64.Build.0 = Release|Any CPU
		{FD557F5A-A0C6-4DCD-B5DD-D61FF25E57DE}.Release|x86.ActiveCfg = Release|Any CPU
		{FD557F5A-A0C6-4DCD-B5DD-D61FF25E57DE}.Release|x86.Build.0 = Release|Any CPU
	EndGlobalSection
	GlobalSection(SolutionProperties) = preSolution
		HideSolutionNode = FALSE
	EndGlobalSection
EndGlobal
